
Microsoft Visual Studio Solution File, Format Version 12.00
# Visual Studio Version 17
VisualStudioVersion = 17.8.34408.163
MinimumVisualStudioVersion = 10.0.40219.1
Project("{FAE04EC0-301F-11D3-BF4B-00C04F79EFBC}") = "Mission2Assignment", "Mission2Assignment.csproj", "{19C1E287-3DFF-4744-8C58-0013D436807A}"
EndProject
Global
	GlobalSection(SolutionConfigurationPlatforms) = preSolution
		Debug|Any CPU = Debug|Any CPU
		Release|Any CPU = Release|Any CPU
	EndGlobalSection
	GlobalSection(ProjectConfigurationPlatforms) = postSolution
		{19C1E287-3DFF-4744-8C58-0013D436807A}.Debug|Any CPU.ActiveCfg = Debug|Any CPU
		{19C1E287-3DFF-4744-8C58-0013D436807A}.Debug|Any CPU.Build.0 = Debug|Any CPU
		{19C1E287-3DFF-4744-8C58-0013D436807A}.Release|Any CPU.ActiveCfg = Release|Any CPU
		{19C1E287-3DFF-4744-8C58-0013D436807A}.Release|Any CPU.Build.0 = Release|Any CPU
	EndGlobalSection
	GlobalSection(SolutionProperties) = preSolution
		HideSolutionNode = FALSE
	EndGlobalSection
	GlobalSection(ExtensibilityGlobals) = postSolution
		SolutionGuid = {818BEA9C-06F8-43B3-B23F-C560D0ED450B}
	EndGlobalSection
EndGlobal
